
Microsoft Visual Studio Solution File, Format Version 12.00
# Visual Studio Version 16
VisualStudioVersion = 16.0.29215.179
MinimumVisualStudioVersion = 10.0.40219.1
Project("{8BC9CEB8-8B4A-11D0-8D11-00A0C91BC942}") = "链表综合操作", "链表综合操作.vcxproj", "{ACF47757-9D01-4C90-B3A7-E170B81D8252}"
EndProject
Global
	GlobalSection(SolutionConfigurationPlatforms) = preSolution
		Debug|x64 = Debug|x64
		Debug|x86 = Debug|x86
		Release|x64 = Release|x64
		Release|x86 = Release|x86
	EndGlobalSection
	GlobalSection(ProjectConfigurationPlatforms) = postSolution
		{ACF47757-9D01-4C90-B3A7-E170B81D8252}.Debug|x64.ActiveCfg = Debug|x64
		{ACF47757-9D01-4C90-B3A7-E170B81D8252}.Debug|x64.Build.0 = Debug|x64
		{ACF47757-9D01-4C90-B3A7-E170B81D8252}.Debug|x86.ActiveCfg = Debug|Win32
		{ACF47757-9D01-4C90-B3A7-E170B81D8252}.Debug|x86.Build.0 = Debug|Win32
		{ACF47757-9D01-4C90-B3A7-E170B81D8252}.Release|x64.ActiveCfg = Release|x64
		{ACF47757-9D01-4C90-B3A7-E170B81D8252}.Release|x64.Build.0 = Release|x64
		{ACF47757-9D01-4C90-B3A7-E170B81D8252}.Release|x86.ActiveCfg = Release|Win32
		{ACF47757-9D01-4C90-B3A7-E170B81D8252}.Release|x86.Build.0 = Release|Win32
	EndGlobalSection
	GlobalSection(SolutionProperties) = preSolution
		HideSolutionNode = FALSE
	EndGlobalSection
	GlobalSection(ExtensibilityGlobals) = postSolution
		SolutionGuid = {29341865-7D27-4315-9BB1-F5BC88DE6749}
	EndGlobalSection
EndGlobal
